
Microsoft Visual Studio Solution File, Format Version 12.00
# Visual Studio Version 17
VisualStudioVersion = 17.4.33213.308
MinimumVisualStudioVersion = 10.0.40219.1
Project("{FAE04EC0-301F-11D3-BF4B-00C04F79EFBC}") = "ProyectoRefaccionaria2", "ProyectoRefaccionaria2\ProyectoRefaccionaria2.csproj", "{5D1288B7-993E-40E9-B82C-304A1EC0374E}"
EndProject
Global
	GlobalSection(SolutionConfigurationPlatforms) = preSolution
		Debug|Any CPU = Debug|Any CPU
		Release|Any CPU = Release|Any CPU
	EndGlobalSection
	GlobalSection(ProjectConfigurationPlatforms) = postSolution
		{5D1288B7-993E-40E9-B82C-304A1EC0374E}.Debug|Any CPU.ActiveCfg = Debug|Any CPU
		{5D1288B7-993E-40E9-B82C-304A1EC0374E}.Debug|Any CPU.Build.0 = Debug|Any CPU
		{5D1288B7-993E-40E9-B82C-304A1EC0374E}.Release|Any CPU.ActiveCfg = Release|Any CPU
		{5D1288B7-993E-40E9-B82C-304A1EC0374E}.Release|Any CPU.Build.0 = Release|Any CPU
	EndGlobalSection
	GlobalSection(SolutionProperties) = preSolution
		HideSolutionNode = FALSE
	EndGlobalSection
	GlobalSection(ExtensibilityGlobals) = postSolution
		SolutionGuid = {F6DCB401-DEDE-408E-A36B-10D460FFD83D}
	EndGlobalSection
EndGlobal
